
Microsoft Visual Studio Solution File, Format Version 12.00
# Visual Studio Version 17
VisualStudioVersion = 17.5.002.0
MinimumVisualStudioVersion = 10.0.40219.1
Project("{9A19103F-16F7-4668-BE54-9A1E7A4F7556}") = "MVCECommerce", "MVCECommerce.csproj", "{093AA930-C441-4E1D-BBD4-53EF44B72043}"
EndProject
Global
	GlobalSection(SolutionConfigurationPlatforms) = preSolution
		Debug|Any CPU = Debug|Any CPU
		Release|Any CPU = Release|Any CPU
	EndGlobalSection
	GlobalSection(ProjectConfigurationPlatforms) = postSolution
		{093AA930-C441-4E1D-BBD4-53EF44B72043}.Debug|Any CPU.ActiveCfg = Debug|Any CPU
		{093AA930-C441-4E1D-BBD4-53EF44B72043}.Debug|Any CPU.Build.0 = Debug|Any CPU
		{093AA930-C441-4E1D-BBD4-53EF44B72043}.Release|Any CPU.ActiveCfg = Release|Any CPU
		{093AA930-C441-4E1D-BBD4-53EF44B72043}.Release|Any CPU.Build.0 = Release|Any CPU
	EndGlobalSection
	GlobalSection(SolutionProperties) = preSolution
		HideSolutionNode = FALSE
	EndGlobalSection
	GlobalSection(ExtensibilityGlobals) = postSolution
		SolutionGuid = {4B776D49-C370-428F-B12E-19AF7E605620}
	EndGlobalSection
EndGlobal
